
Microsoft Visual Studio Solution File, Format Version 11.00
# Visual Studio 2010
Project("{FAE04EC0-301F-11D3-BF4B-00C04F79EFBC}") = "SteamVR", "SteamVR.csproj", "{8de6fe27-7ce3-fe2e-4800-db40b3f36156}"
EndProject
Project("{FAE04EC0-301F-11D3-BF4B-00C04F79EFBC}") = "PhotonUnityNetworking.Utilities", "PhotonUnityNetworking.Utilities.csproj", "{8730113f-0d7b-d2ac-88a0-a33b02f11427}"
EndProject
Project("{FAE04EC0-301F-11D3-BF4B-00C04F79EFBC}") = "Assembly-CSharp", "Assembly-CSharp.csproj", "{080876cf-fae5-d250-41ca-b3af687410de}"
EndProject
Project("{FAE04EC0-301F-11D3-BF4B-00C04F79EFBC}") = "PhotonUnityNetworking.Demos", "PhotonUnityNetworking.Demos.csproj", "{376444da-c491-184a-7c40-07be3a6c3f9a}"
EndProject
Project("{FAE04EC0-301F-11D3-BF4B-00C04F79EFBC}") = "PhotonUnityNetworking", "PhotonUnityNetworking.csproj", "{0480aff7-db86-2dc0-33b7-cca9baa66158}"
EndProject
Project("{FAE04EC0-301F-11D3-BF4B-00C04F79EFBC}") = "PhotonChat", "PhotonChat.csproj", "{2e23f2a5-ef40-cd5a-c2f0-f502519ba4f1}"
EndProject
Project("{FAE04EC0-301F-11D3-BF4B-00C04F79EFBC}") = "PhotonRealtime", "PhotonRealtime.csproj", "{747dca2c-cc81-756c-daf2-02655ee8cb49}"
EndProject
Project("{FAE04EC0-301F-11D3-BF4B-00C04F79EFBC}") = "PhotonUnityNetworking.Editor", "PhotonUnityNetworking.Editor.csproj", "{e40d95b5-d725-da67-76f4-3cdb1a1a42fc}"
EndProject
Project("{FAE04EC0-301F-11D3-BF4B-00C04F79EFBC}") = "SteamVR_Input_Editor", "SteamVR_Input_Editor.csproj", "{8c456257-7e5f-82c0-3a6f-d2ee5830189a}"
EndProject
Project("{FAE04EC0-301F-11D3-BF4B-00C04F79EFBC}") = "SteamVR_Editor", "SteamVR_Editor.csproj", "{e01dd7bb-8574-50f8-7324-e46c1af17679}"
EndProject
Project("{FAE04EC0-301F-11D3-BF4B-00C04F79EFBC}") = "PhotonUnityNetworking.Utilities.PhotonPlayer.Editor", "PhotonUnityNetworking.Utilities.PhotonPlayer.Editor.csproj", "{dffc8f64-be4f-2e5e-ebef-bc75ae959baf}"
EndProject
Project("{FAE04EC0-301F-11D3-BF4B-00C04F79EFBC}") = "PunDemos.DemoSlotcarEditor", "PunDemos.DemoSlotcarEditor.csproj", "{7defb1c7-1adc-d2b6-4409-76ceea34b69d}"
EndProject
Project("{FAE04EC0-301F-11D3-BF4B-00C04F79EFBC}") = "PhotonUnityNetworking.Utilities.Culling.Editor", "PhotonUnityNetworking.Utilities.Culling.Editor.csproj", "{3936a8bc-673f-4546-5ebd-98bb6a16f359}"
EndProject
Project("{FAE04EC0-301F-11D3-BF4B-00C04F79EFBC}") = "SteamVR_Windows_EditorHelper", "SteamVR_Windows_EditorHelper.csproj", "{b9475738-9881-35d6-9caf-a5f628a75444}"
EndProject
Project("{FAE04EC0-301F-11D3-BF4B-00C04F79EFBC}") = "PunDemos.DemoHubEditor", "PunDemos.DemoHubEditor.csproj", "{9eac1095-72a1-93ab-3c31-d927e6eaed15}"
EndProject
Global
	GlobalSection(SolutionConfigurationPlatforms) = preSolution
		Debug|Any CPU = Debug|Any CPU
		Release|Any CPU = Release|Any CPU
	EndGlobalSection
	GlobalSection(ProjectConfigurationPlatforms) = postSolution
		{8de6fe27-7ce3-fe2e-4800-db40b3f36156}.Debug|Any CPU.ActiveCfg = Debug|Any CPU
		{8de6fe27-7ce3-fe2e-4800-db40b3f36156}.Debug|Any CPU.Build.0 = Debug|Any CPU
		{8de6fe27-7ce3-fe2e-4800-db40b3f36156}.Release|Any CPU.ActiveCfg = Release|Any CPU
		{8de6fe27-7ce3-fe2e-4800-db40b3f36156}.Release|Any CPU.Build.0 = Release|Any CPU
		{8730113f-0d7b-d2ac-88a0-a33b02f11427}.Debug|Any CPU.ActiveCfg = Debug|Any CPU
		{8730113f-0d7b-d2ac-88a0-a33b02f11427}.Debug|Any CPU.Build.0 = Debug|Any CPU
		{8730113f-0d7b-d2ac-88a0-a33b02f11427}.Release|Any CPU.ActiveCfg = Release|Any CPU
		{8730113f-0d7b-d2ac-88a0-a33b02f11427}.Release|Any CPU.Build.0 = Release|Any CPU
		{080876cf-fae5-d250-41ca-b3af687410de}.Debug|Any CPU.ActiveCfg = Debug|Any CPU
		{080876cf-fae5-d250-41ca-b3af687410de}.Debug|Any CPU.Build.0 = Debug|Any CPU
		{080876cf-fae5-d250-41ca-b3af687410de}.Release|Any CPU.ActiveCfg = Release|Any CPU
		{080876cf-fae5-d250-41ca-b3af687410de}.Release|Any CPU.Build.0 = Release|Any CPU
		{376444da-c491-184a-7c40-07be3a6c3f9a}.Debug|Any CPU.ActiveCfg = Debug|Any CPU
		{376444da-c491-184a-7c40-07be3a6c3f9a}.Debug|Any CPU.Build.0 = Debug|Any CPU
		{376444da-c491-184a-7c40-07be3a6c3f9a}.Release|Any CPU.ActiveCfg = Release|Any CPU
		{376444da-c491-184a-7c40-07be3a6c3f9a}.Release|Any CPU.Build.0 = Release|Any CPU
		{0480aff7-db86-2dc0-33b7-cca9baa66158}.Debug|Any CPU.ActiveCfg = Debug|Any CPU
		{0480aff7-db86-2dc0-33b7-cca9baa66158}.Debug|Any CPU.Build.0 = Debug|Any CPU
		{0480aff7-db86-2dc0-33b7-cca9baa66158}.Release|Any CPU.ActiveCfg = Release|Any CPU
		{0480aff7-db86-2dc0-33b7-cca9baa66158}.Release|Any CPU.Build.0 = Release|Any CPU
		{2e23f2a5-ef40-cd5a-c2f0-f502519ba4f1}.Debug|Any CPU.ActiveCfg = Debug|Any CPU
		{2e23f2a5-ef40-cd5a-c2f0-f502519ba4f1}.Debug|Any CPU.Build.0 = Debug|Any CPU
		{2e23f2a5-ef40-cd5a-c2f0-f502519ba4f1}.Release|Any CPU.ActiveCfg = Release|Any CPU
		{2e23f2a5-ef40-cd5a-c2f0-f502519ba4f1}.Release|Any CPU.Build.0 = Release|Any CPU
		{747dca2c-cc81-756c-daf2-02655ee8cb49}.Debug|Any CPU.ActiveCfg = Debug|Any CPU
		{747dca2c-cc81-756c-daf2-02655ee8cb49}.Debug|Any CPU.Build.0 = Debug|Any CPU
		{747dca2c-cc81-756c-daf2-02655ee8cb49}.Release|Any CPU.ActiveCfg = Release|Any CPU
		{747dca2c-cc81-756c-daf2-02655ee8cb49}.Release|Any CPU.Build.0 = Release|Any CPU
		{e40d95b5-d725-da67-76f4-3cdb1a1a42fc}.Debug|Any CPU.ActiveCfg = Debug|Any CPU
		{e40d95b5-d725-da67-76f4-3cdb1a1a42fc}.Debug|Any CPU.Build.0 = Debug|Any CPU
		{e40d95b5-d725-da67-76f4-3cdb1a1a42fc}.Release|Any CPU.ActiveCfg = Release|Any CPU
		{e40d95b5-d725-da67-76f4-3cdb1a1a42fc}.Release|Any CPU.Build.0 = Release|Any CPU
		{8c456257-7e5f-82c0-3a6f-d2ee5830189a}.Debug|Any CPU.ActiveCfg = Debug|Any CPU
		{8c456257-7e5f-82c0-3a6f-d2ee5830189a}.Debug|Any CPU.Build.0 = Debug|Any CPU
		{8c456257-7e5f-82c0-3a6f-d2ee5830189a}.Release|Any CPU.ActiveCfg = Release|Any CPU
		{8c456257-7e5f-82c0-3a6f-d2ee5830189a}.Release|Any CPU.Build.0 = Release|Any CPU
		{e01dd7bb-8574-50f8-7324-e46c1af17679}.Debug|Any CPU.ActiveCfg = Debug|Any CPU
		{e01dd7bb-8574-50f8-7324-e46c1af17679}.Debug|Any CPU.Build.0 = Debug|Any CPU
		{e01dd7bb-8574-50f8-7324-e46c1af17679}.Release|Any CPU.ActiveCfg = Release|Any CPU
		{e01dd7bb-8574-50f8-7324-e46c1af17679}.Release|Any CPU.Build.0 = Release|Any CPU
		{dffc8f64-be4f-2e5e-ebef-bc75ae959baf}.Debug|Any CPU.ActiveCfg = Debug|Any CPU
		{dffc8f64-be4f-2e5e-ebef-bc75ae959baf}.Debug|Any CPU.Build.0 = Debug|Any CPU
		{dffc8f64-be4f-2e5e-ebef-bc75ae959baf}.Release|Any CPU.ActiveCfg = Release|Any CPU
		{dffc8f64-be4f-2e5e-ebef-bc75ae959baf}.Release|Any CPU.Build.0 = Release|Any CPU
		{7defb1c7-1adc-d2b6-4409-76ceea34b69d}.Debug|Any CPU.ActiveCfg = Debug|Any CPU
		{7defb1c7-1adc-d2b6-4409-76ceea34b69d}.Debug|Any CPU.Build.0 = Debug|Any CPU
		{7defb1c7-1adc-d2b6-4409-76ceea34b69d}.Release|Any CPU.ActiveCfg = Release|Any CPU
		{7defb1c7-1adc-d2b6-4409-76ceea34b69d}.Release|Any CPU.Build.0 = Release|Any CPU
		{3936a8bc-673f-4546-5ebd-98bb6a16f359}.Debug|Any CPU.ActiveCfg = Debug|Any CPU
		{3936a8bc-673f-4546-5ebd-98bb6a16f359}.Debug|Any CPU.Build.0 = Debug|Any CPU
		{3936a8bc-673f-4546-5ebd-98bb6a16f359}.Release|Any CPU.ActiveCfg = Release|Any CPU
		{3936a8bc-673f-4546-5ebd-98bb6a16f359}.Release|Any CPU.Build.0 = Release|Any CPU
		{b9475738-9881-35d6-9caf-a5f628a75444}.Debug|Any CPU.ActiveCfg = Debug|Any CPU
		{b9475738-9881-35d6-9caf-a5f628a75444}.Debug|Any CPU.Build.0 = Debug|Any CPU
		{b9475738-9881-35d6-9caf-a5f628a75444}.Release|Any CPU.ActiveCfg = Release|Any CPU
		{b9475738-9881-35d6-9caf-a5f628a75444}.Release|Any CPU.Build.0 = Release|Any CPU
		{9eac1095-72a1-93ab-3c31-d927e6eaed15}.Debug|Any CPU.ActiveCfg = Debug|Any CPU
		{9eac1095-72a1-93ab-3c31-d927e6eaed15}.Debug|Any CPU.Build.0 = Debug|Any CPU
		{9eac1095-72a1-93ab-3c31-d927e6eaed15}.Release|Any CPU.ActiveCfg = Release|Any CPU
		{9eac1095-72a1-93ab-3c31-d927e6eaed15}.Release|Any CPU.Build.0 = Release|Any CPU
	EndGlobalSection
	GlobalSection(SolutionProperties) = preSolution
		HideSolutionNode = FALSE
	EndGlobalSection
EndGlobal
